{
  "name": "src",
  "version": "1.0.0",
  "lockfileVersion": 1,
  "requires": true,
  "dependencies": {
    "@aws-cdk/assets": {
      "version": "1.19.0",
      "resolved": "https://registry.npmjs.org/@aws-cdk/assets/-/assets-1.19.0.tgz",
      "integrity": "sha512-BPc7e6mUWZfLxR0OEUv6nroaV82baSLOR9qygFE/pU24/ku/eamqdQP1XU3cnQCpF5n5vUIA6alP5TIYvBpsZw==",
      "dev": true,
      "requires": {
        "@aws-cdk/core": "1.19.0",
        "@aws-cdk/cx-api": "1.19.0",
        "minimatch": "^3.0.4"
      },
      "dependencies": {
        "balanced-match": {
          "version": "1.0.0",
          "bundled": true,
          "dev": true
        },
        "brace-expansion": {
          "version": "1.1.11",
          "bundled": true,
          "dev": true,
          "requires": {
            "balanced-match": "^1.0.0",
            "concat-map": "0.0.1"
          }
        },
        "concat-map": {
          "version": "0.0.1",
          "bundled": true,
          "dev": true
        },
        "minimatch": {
          "version": "3.0.4",
          "bundled": true,
          "dev": true,
          "requires": {
            "brace-expansion": "^1.1.7"
          }
        }
      }
    },
    "@aws-cdk/aws-cloudwatch": {
      "version": "1.19.0",
      "resolved": "https://registry.npmjs.org/@aws-cdk/aws-cloudwatch/-/aws-cloudwatch-1.19.0.tgz",
      "integrity": "sha512-xrMeSxbkAXAMNMMx2hMfgXiyI6E2zmxaUv2KD2cA9AloS1ms53y4OlPmQRbkjla2nbMnSDPqFLvLv/VVJXCSOQ==",
      "dev": true,
      "requires": {
        "@aws-cdk/aws-iam": "1.19.0",
        "@aws-cdk/core": "1.19.0"
      }
    },
    "@aws-cdk/aws-ec2": {
      "version": "1.19.0",
      "resolved": "https://registry.npmjs.org/@aws-cdk/aws-ec2/-/aws-ec2-1.19.0.tgz",
      "integrity": "sha512-r5nyxZdi4KGGvd3HavRXHhhgAqQIak+Go2YoxVDNJoT/OegStv4gPoqRtoxlYuZU3LooDL1CzVBvVlghKpF0Vg==",
      "dev": true,
      "requires": {
        "@aws-cdk/aws-cloudwatch": "1.19.0",
        "@aws-cdk/aws-iam": "1.19.0",
        "@aws-cdk/aws-ssm": "1.19.0",
        "@aws-cdk/core": "1.19.0",
        "@aws-cdk/cx-api": "1.19.0"
      }
    },
    "@aws-cdk/aws-events": {
      "version": "1.19.0",
      "resolved": "https://registry.npmjs.org/@aws-cdk/aws-events/-/aws-events-1.19.0.tgz",
      "integrity": "sha512-wLH2+KuZm8U8+ZN3XF98Radlr1LWL9lgoHueRp2qnPqf9pSQjqGcUsnuD5Uz9EmgMqXEe96gCKa3PX8GEOIuPQ==",
      "dev": true,
      "requires": {
        "@aws-cdk/aws-iam": "1.19.0",
        "@aws-cdk/core": "1.19.0"
      }
    },
    "@aws-cdk/aws-iam": {
      "version": "1.19.0",
      "resolved": "https://registry.npmjs.org/@aws-cdk/aws-iam/-/aws-iam-1.19.0.tgz",
      "integrity": "sha512-ZHuS69Qa54oSO3mmsMILtmbzj+V4eeR7MrLUmECY5V78gEmoXy2f3Nf9YY99ZsiY38zjmmTjr21A4NnZyocJog==",
      "dev": true,
      "requires": {
        "@aws-cdk/core": "1.19.0",
        "@aws-cdk/region-info": "1.19.0"
      }
    },
    "@aws-cdk/aws-kms": {
      "version": "1.19.0",
      "resolved": "https://registry.npmjs.org/@aws-cdk/aws-kms/-/aws-kms-1.19.0.tgz",
      "integrity": "sha512-Ii2W04u8xoc9nUIkzFdCq1khS8ct5EI2mrkWwWoWotMdfwYiHXFQQSGFBPsFU4R07WXty/mSWvj8gFQZcIWRaw==",
      "dev": true,
      "requires": {
        "@aws-cdk/aws-iam": "1.19.0",
        "@aws-cdk/core": "1.19.0"
      }
    },
    "@aws-cdk/aws-lambda": {
      "version": "1.19.0",
      "resolved": "https://registry.npmjs.org/@aws-cdk/aws-lambda/-/aws-lambda-1.19.0.tgz",
      "integrity": "sha512-rtVF5s9csBhW+1q+gzHHj9qZ6jFwFhjBfin08fSoCZSeX5oZ7aSIdmscIcI49n9fsF3QaIGmpBM1xzMPznSHLA==",
      "dev": true,
      "requires": {
        "@aws-cdk/aws-cloudwatch": "1.19.0",
        "@aws-cdk/aws-ec2": "1.19.0",
        "@aws-cdk/aws-events": "1.19.0",
        "@aws-cdk/aws-iam": "1.19.0",
        "@aws-cdk/aws-logs": "1.19.0",
        "@aws-cdk/aws-s3": "1.19.0",
        "@aws-cdk/aws-s3-assets": "1.19.0",
        "@aws-cdk/aws-sqs": "1.19.0",
        "@aws-cdk/core": "1.19.0",
        "@aws-cdk/cx-api": "1.19.0"
      }
    },
    "@aws-cdk/aws-lambda-destinations": {
      "version": "1.19.0",
      "resolved": "https://registry.npmjs.org/@aws-cdk/aws-lambda-destinations/-/aws-lambda-destinations-1.19.0.tgz",
      "integrity": "sha512-BQs0ukBU8/WsNowvBzCjF08RMiD3yE+rRXsPqQt9dfq72UsOwe3cqm/rDZi9RUF1H7jEW9Lu8m6AJ/WCfo/Kdg==",
      "dev": true,
      "requires": {
        "@aws-cdk/aws-events": "1.19.0",
        "@aws-cdk/aws-lambda": "1.19.0",
        "@aws-cdk/aws-sns": "1.19.0",
        "@aws-cdk/aws-sqs": "1.19.0",
        "@aws-cdk/core": "1.19.0"
      }
    },
    "@aws-cdk/aws-logs": {
      "version": "1.19.0",
      "resolved": "https://registry.npmjs.org/@aws-cdk/aws-logs/-/aws-logs-1.19.0.tgz",
      "integrity": "sha512-JK5GzwhA9wHeDK//1F08l9RiC7yKduid4PwH2gT5CXBDFDn47MeGLR5H/5Tbv/bAPSg8AOA88tx7TXs2mJUuew==",
      "dev": true,
      "requires": {
        "@aws-cdk/aws-cloudwatch": "1.19.0",
        "@aws-cdk/aws-iam": "1.19.0",
        "@aws-cdk/core": "1.19.0"
      }
    },
    "@aws-cdk/aws-s3": {
      "version": "1.19.0",
      "resolved": "https://registry.npmjs.org/@aws-cdk/aws-s3/-/aws-s3-1.19.0.tgz",
      "integrity": "sha512-cubVDC/P62k1n1lObY8PqOPTDauCB1F+wCMk0yYDvqSEq1nWxTg06o2GaMR+ALxCh0fLA9hcEdxzDgyR9mvCtw==",
      "dev": true,
      "requires": {
        "@aws-cdk/aws-events": "1.19.0",
        "@aws-cdk/aws-iam": "1.19.0",
        "@aws-cdk/aws-kms": "1.19.0",
        "@aws-cdk/core": "1.19.0"
      }
    },
    "@aws-cdk/aws-s3-assets": {
      "version": "1.19.0",
      "resolved": "https://registry.npmjs.org/@aws-cdk/aws-s3-assets/-/aws-s3-assets-1.19.0.tgz",
      "integrity": "sha512-7KjUrseT/7/0BU+y98isxgefIvNSGlk0E8s9umYuFVhGdbpfagbuusB0WfZjIukg5kOEy9No31TilTMakZQKXQ==",
      "dev": true,
      "requires": {
        "@aws-cdk/assets": "1.19.0",
        "@aws-cdk/aws-iam": "1.19.0",
        "@aws-cdk/aws-s3": "1.19.0",
        "@aws-cdk/core": "1.19.0",
        "@aws-cdk/cx-api": "1.19.0"
      }
    },
    "@aws-cdk/aws-sns": {
      "version": "1.19.0",
      "resolved": "https://registry.npmjs.org/@aws-cdk/aws-sns/-/aws-sns-1.19.0.tgz",
      "integrity": "sha512-41d+4RmvBnAT1js4uKnEWzIxtY1ieo7yklpJJJ9v7CMKj9Xm2v0TCPzuW4EORWuemOYWTzBiuvsBeCrFFurM/A==",
      "dev": true,
      "requires": {
        "@aws-cdk/aws-cloudwatch": "1.19.0",
        "@aws-cdk/aws-events": "1.19.0",
        "@aws-cdk/aws-iam": "1.19.0",
        "@aws-cdk/aws-kms": "1.19.0",
        "@aws-cdk/core": "1.19.0"
      }
    },
    "@aws-cdk/aws-sqs": {
      "version": "1.19.0",
      "resolved": "https://registry.npmjs.org/@aws-cdk/aws-sqs/-/aws-sqs-1.19.0.tgz",
      "integrity": "sha512-2284OR3965QTdEtGcc9S08OTXq4KEoeXmVQjnVafuqrAWRCEWG1DnRMvc8iz9c+TpynY0gXk07QK21GHO/GV3A==",
      "dev": true,
      "requires": {
        "@aws-cdk/aws-cloudwatch": "1.19.0",
        "@aws-cdk/aws-iam": "1.19.0",
        "@aws-cdk/aws-kms": "1.19.0",
        "@aws-cdk/core": "1.19.0"
      }
    },
    "@aws-cdk/aws-ssm": {
      "version": "1.19.0",
      "resolved": "https://registry.npmjs.org/@aws-cdk/aws-ssm/-/aws-ssm-1.19.0.tgz",
      "integrity": "sha512-vn4poYy30N1PBY+DrO0mbBX3NqR6hiDSaFMmWeqddsbhNURN0Vr6WW/M60OJBNIoeq/1zjh3L9kl7/+wrNO8jA==",
      "dev": true,
      "requires": {
        "@aws-cdk/aws-iam": "1.19.0",
        "@aws-cdk/aws-kms": "1.19.0",
        "@aws-cdk/core": "1.19.0",
        "@aws-cdk/cx-api": "1.19.0"
      }
    },
    "@aws-cdk/core": {
      "version": "1.19.0",
      "resolved": "https://registry.npmjs.org/@aws-cdk/core/-/core-1.19.0.tgz",
      "integrity": "sha512-WFEsUuZaF39c7qiITXTYkQ9cmIMdlkLYdFVTcIBnGf9EwDY32YXqeBQn1rDF7EkilwV40WzHx5MUJ8qvBoKRtA==",
      "dev": true,
      "requires": {
        "@aws-cdk/cx-api": "1.19.0"
      }
    },
    "@aws-cdk/cx-api": {
      "version": "1.19.0",
      "resolved": "https://registry.npmjs.org/@aws-cdk/cx-api/-/cx-api-1.19.0.tgz",
      "integrity": "sha512-+Ypset+keoQDK1qMmJrDVG97VUALDAMQBIJ7X1KvbUMHVzyT0kl268CCnLS066AmdkwAGevFpAQkGzpBQwobMA==",
      "dev": true,
      "requires": {
        "semver": "^6.3.0"
      },
      "dependencies": {
        "semver": {
          "version": "6.3.0",
          "bundled": true,
          "dev": true
        }
      }
    },
    "@aws-cdk/region-info": {
      "version": "1.19.0",
      "resolved": "https://registry.npmjs.org/@aws-cdk/region-info/-/region-info-1.19.0.tgz",
      "integrity": "sha512-Eehx3L88tCQgQ/NX2ysJSflT0+lM92GkJosji13TboIrAalPlbi1xdLebUf9U7GTybtbAGJNNLqZVBDnU1/g6w==",
      "dev": true
    }
  }
}
